
Microsoft Visual Studio Solution File, Format Version 12.00
# Visual Studio 15
VisualStudioVersion = 15.0.28307.852
MinimumVisualStudioVersion = 10.0.40219.1
Project("{FAE04EC0-301F-11D3-BF4B-00C04F79EFBC}") = "WebApp", "WebApp\WebApp.csproj", "{02A990D8-8F2D-4C4A-9236-85946EDA509E}"
EndProject
Global
	GlobalSection(SolutionConfigurationPlatforms) = preSolution
		Debug|Any CPU = Debug|Any CPU
		Release|Any CPU = Release|Any CPU
	EndGlobalSection
	GlobalSection(ProjectConfigurationPlatforms) = postSolution
		{02A990D8-8F2D-4C4A-9236-85946EDA509E}.Debug|Any CPU.ActiveCfg = Debug|Any CPU
		{02A990D8-8F2D-4C4A-9236-85946EDA509E}.Debug|Any CPU.Build.0 = Debug|Any CPU
		{02A990D8-8F2D-4C4A-9236-85946EDA509E}.Release|Any CPU.ActiveCfg = Release|Any CPU
		{02A990D8-8F2D-4C4A-9236-85946EDA509E}.Release|Any CPU.Build.0 = Release|Any CPU
	EndGlobalSection
	GlobalSection(SolutionProperties) = preSolution
		HideSolutionNode = FALSE
	EndGlobalSection
	GlobalSection(ExtensibilityGlobals) = postSolution
		SolutionGuid = {A260D3C3-68C7-47B4-B22E-C72AD91B87E6}
	EndGlobalSection
EndGlobal
